// !$*UTF8*$!
{
	archiveVersion = 1;
	classes = {
	};
	objectVersion = 50;
	objects = {

/* Begin PBXBuildFile section */
		C43F811B251FD919008C15E8 /* HomePaymentTableViewCell.swift in Sources */ = {isa = PBXBuildFile; fileRef = C43F811A251FD919008C15E8 /* HomePaymentTableViewCell.swift */; };
		C4699B6E24FC2AB500933F04 /* AppDelegate.swift in Sources */ = {isa = PBXBuildFile; fileRef = C4699B6D24FC2AB500933F04 /* AppDelegate.swift */; };
		C4699B7024FC2AB500933F04 /* SceneDelegate.swift in Sources */ = {isa = PBXBuildFile; fileRef = C4699B6F24FC2AB500933F04 /* SceneDelegate.swift */; };
		C4699B7524FC2AB500933F04 /* Main.storyboard in Resources */ = {isa = PBXBuildFile; fileRef = C4699B7324FC2AB500933F04 /* Main.storyboard */; };
		C4699B7724FC2AB600933F04 /* Assets.xcassets in Resources */ = {isa = PBXBuildFile; fileRef = C4699B7624FC2AB600933F04 /* Assets.xcassets */; };
		C4699B7A24FC2AB600933F04 /* LaunchScreen.storyboard in Resources */ = {isa = PBXBuildFile; fileRef = C4699B7824FC2AB600933F04 /* LaunchScreen.storyboard */; };
		C4699B8224FC2D5F00933F04 /* OverviewViewController.swift in Sources */ = {isa = PBXBuildFile; fileRef = C4699B8124FC2D5F00933F04 /* OverviewViewController.swift */; };
		C4699B8424FC2EDF00933F04 /* NewPaymentViewController.swift in Sources */ = {isa = PBXBuildFile; fileRef = C4699B8324FC2EDF00933F04 /* NewPaymentViewController.swift */; };
		C4699B8624FC330A00933F04 /* Payment.swift in Sources */ = {isa = PBXBuildFile; fileRef = C4699B8524FC330A00933F04 /* Payment.swift */; };
		C4699B8824FC368100933F04 /* PaymentController.swift in Sources */ = {isa = PBXBuildFile; fileRef = C4699B8724FC368100933F04 /* PaymentController.swift */; };
		C4B30FE9251AB99F0060F26F /* RepeatViewController.swift in Sources */ = {isa = PBXBuildFile; fileRef = C4B30FE8251AB99F0060F26F /* RepeatViewController.swift */; };
/* End PBXBuildFile section */

/* Begin PBXFileReference section */
		C43F811A251FD919008C15E8 /* HomePaymentTableViewCell.swift */ = {isa = PBXFileReference; lastKnownFileType = sourcecode.swift; path = HomePaymentTableViewCell.swift; sourceTree = "<group>"; };
		C4699B6A24FC2AB500933F04 /* Monthly.app */ = {isa = PBXFileReference; explicitFileType = wrapper.application; includeInIndex = 0; path = Monthly.app; sourceTree = BUILT_PRODUCTS_DIR; };
		C4699B6D24FC2AB500933F04 /* AppDelegate.swift */ = {isa = PBXFileReference; lastKnownFileType = sourcecode.swift; path = AppDelegate.swift; sourceTree = "<group>"; };
		C4699B6F24FC2AB500933F04 /* SceneDelegate.swift */ = {isa = PBXFileReference; lastKnownFileType = sourcecode.swift; path = SceneDelegate.swift; sourceTree = "<group>"; };
		C4699B7424FC2AB500933F04 /* Base */ = {isa = PBXFileReference; lastKnownFileType = file.storyboard; name = Base; path = Base.lproj/Main.storyboard; sourceTree = "<group>"; };
		C4699B7624FC2AB600933F04 /* Assets.xcassets */ = {isa = PBXFileReference; lastKnownFileType = folder.assetcatalog; path = Assets.xcassets; sourceTree = "<group>"; };
		C4699B7924FC2AB600933F04 /* Base */ = {isa = PBXFileReference; lastKnownFileType = file.storyboard; name = Base; path = Base.lproj/LaunchScreen.storyboard; sourceTree = "<group>"; };
		C4699B7B24FC2AB600933F04 /* Info.plist */ = {isa = PBXFileReference; lastKnownFileType = text.plist.xml; path = Info.plist; sourceTree = "<group>"; };
		C4699B8124FC2D5F00933F04 /* OverviewViewController.swift */ = {isa = PBXFileReference; lastKnownFileType = sourcecode.swift; path = OverviewViewController.swift; sourceTree = "<group>"; };
		C4699B8324FC2EDF00933F04 /* NewPaymentViewController.swift */ = {isa = PBXFileReference; lastKnownFileType = sourcecode.swift; path = NewPaymentViewController.swift; sourceTree = "<group>"; };
		C4699B8524FC330A00933F04 /* Payment.swift */ = {isa = PBXFileReference; lastKnownFileType = sourcecode.swift; path = Payment.swift; sourceTree = "<group>"; };
		C4699B8724FC368100933F04 /* PaymentController.swift */ = {isa = PBXFileReference; lastKnownFileType = sourcecode.swift; path = PaymentController.swift; sourceTree = "<group>"; };
		C4B30FE8251AB99F0060F26F /* RepeatViewController.swift */ = {isa = PBXFileReference; lastKnownFileType = sourcecode.swift; path = RepeatViewController.swift; sourceTree = "<group>"; };
/* End PBXFileReference section */

/* Begin PBXFrameworksBuildPhase section */
		C4699B6724FC2AB500933F04 /* Frameworks */ = {
			isa = PBXFrameworksBuildPhase;
			buildActionMask = 2147483647;
			files = (
			);
			runOnlyForDeploymentPostprocessing = 0;
		};
/* End PBXFrameworksBuildPhase section */

/* Begin PBXGroup section */
		C432EDB3251CF86100303E7E /* ViewControllers */ = {
			isa = PBXGroup;
			children = (
				C4699B8124FC2D5F00933F04 /* OverviewViewController.swift */,
				C4699B8324FC2EDF00933F04 /* NewPaymentViewController.swift */,
				C4B30FE8251AB99F0060F26F /* RepeatViewController.swift */,
			);
			path = ViewControllers;
			sourceTree = "<group>";
		};
		C4699B6124FC2AB500933F04 = {
			isa = PBXGroup;
			children = (
				C4699B6C24FC2AB500933F04 /* Monthly */,
				C4699B6B24FC2AB500933F04 /* Products */,
			);
			sourceTree = "<group>";
		};
		C4699B6B24FC2AB500933F04 /* Products */ = {
			isa = PBXGroup;
			children = (
				C4699B6A24FC2AB500933F04 /* Monthly.app */,
			);
			name = Products;
			sourceTree = "<group>";
		};
		C4699B6C24FC2AB500933F04 /* Monthly */ = {
			isa = PBXGroup;
			children = (
				C4699B6D24FC2AB500933F04 /* AppDelegate.swift */,
				C4699B6F24FC2AB500933F04 /* SceneDelegate.swift */,
				C4699B7324FC2AB500933F04 /* Main.storyboard */,
				C4699B8524FC330A00933F04 /* Payment.swift */,
				C4699B8724FC368100933F04 /* PaymentController.swift */,
				C43F811A251FD919008C15E8 /* HomePaymentTableViewCell.swift */,
				C432EDB3251CF86100303E7E /* ViewControllers */,
				C4699B7624FC2AB600933F04 /* Assets.xcassets */,
				C4699B7824FC2AB600933F04 /* LaunchScreen.storyboard */,
				C4699B7B24FC2AB600933F04 /* Info.plist */,
			);
			path = Monthly;
			sourceTree = "<group>";
		};
/* End PBXGroup section */

/* Begin PBXNativeTarget section */
		C4699B6924FC2AB500933F04 /* Monthly */ = {
			isa = PBXNativeTarget;
			buildConfigurationList = C4699B7E24FC2AB600933F04 /* Build configuration list for PBXNativeTarget "Monthly" */;
			buildPhases = (
				C4699B6624FC2AB500933F04 /* Sources */,
				C4699B6724FC2AB500933F04 /* Frameworks */,
				C4699B6824FC2AB500933F04 /* Resources */,
			);
			buildRules = (
			);
			dependencies = (
			);
			name = Monthly;
			productName = Monthly;
			productReference = C4699B6A24FC2AB500933F04 /* Monthly.app */;
			productType = "com.apple.product-type.application";
		};
/* End PBXNativeTarget section */

/* Begin PBXProject section */
		C4699B6224FC2AB500933F04 /* Project object */ = {
			isa = PBXProject;
			attributes = {
				LastSwiftUpdateCheck = 1160;
				LastUpgradeCheck = 1200;
				ORGANIZATIONNAME = "Kobe McKee";
				TargetAttributes = {
					C4699B6924FC2AB500933F04 = {
						CreatedOnToolsVersion = 11.6;
					};
				};
			};
			buildConfigurationList = C4699B6524FC2AB500933F04 /* Build configuration list for PBXProject "Monthly" */;
			compatibilityVersion = "Xcode 9.3";
			developmentRegion = en;
			hasScannedForEncodings = 0;
			knownRegions = (
				en,
				Base,
			);
			mainGroup = C4699B6124FC2AB500933F04;
			productRefGroup = C4699B6B24FC2AB500933F04 /* Products */;
			projectDirPath = "";
			projectRoot = "";
			targets = (
				C4699B6924FC2AB500933F04 /* Monthly */,
			);
		};
/* End PBXProject section */

/* Begin PBXResourcesBuildPhase section */
		C4699B6824FC2AB500933F04 /* Resources */ = {
			isa = PBXResourcesBuildPhase;
			buildActionMask = 2147483647;
			files = (
				C4699B7A24FC2AB600933F04 /* LaunchScreen.storyboard in Resources */,
				C4699B7724FC2AB600933F04 /* Assets.xcassets in Resources */,
				C4699B7524FC2AB500933F04 /* Main.storyboard in Resources */,
			);
			runOnlyForDeploymentPostprocessing = 0;
		};
/* End PBXResourcesBuildPhase section */

/* Begin PBXSourcesBuildPhase section */
		C4699B6624FC2AB500933F04 /* Sources */ = {
			isa = PBXSourcesBuildPhase;
			buildActionMask = 2147483647;
			files = (
				C4B30FE9251AB99F0060F26F /* RepeatViewController.swift in Sources */,
				C4699B8424FC2EDF00933F04 /* NewPaymentViewController.swift in Sources */,
				C4699B6E24FC2AB500933F04 /* AppDelegate.swift in Sources */,
				C43F811B251FD919008C15E8 /* HomePaymentTableViewCell.swift in Sources */,
				C4699B8824FC368100933F04 /* PaymentController.swift in Sources */,
				C4699B7024FC2AB500933F04 /* SceneDelegate.swift in Sources */,
				C4699B8224FC2D5F00933F04 /* OverviewViewController.swift in Sources */,
				C4699B8624FC330A00933F04 /* Payment.swift in Sources */,
			);
			runOnlyForDeploymentPostprocessing = 0;
		};
/* End PBXSourcesBuildPhase section */

/* Begin PBXVariantGroup section */
		C4699B7324FC2AB500933F04 /* Main.storyboard */ = {
			isa = PBXVariantGroup;
			children = (
				C4699B7424FC2AB500933F04 /* Base */,
			);
			name = Main.storyboard;
			sourceTree = "<group>";
		};
		C4699B7824FC2AB600933F04 /* LaunchScreen.storyboard */ = {
			isa = PBXVariantGroup;
			children = (
				C4699B7924FC2AB600933F04 /* Base */,
			);
			name = LaunchScreen.storyboard;
			sourceTree = "<group>";
		};
/* End PBXVariantGroup section */

/* Begin XCBuildConfiguration section */
		C4699B7C24FC2AB600933F04 /* Debug */ = {
			isa = XCBuildConfiguration;
			buildSettings = {
				ALWAYS_SEARCH_USER_PATHS = NO;
				CLANG_ANALYZER_NONNULL = YES;
				CLANG_ANALYZER_NUMBER_OBJECT_CONVERSION = YES_AGGRESSIVE;
				CLANG_CXX_LANGUAGE_STANDARD = "gnu++14";
				CLANG_CXX_LIBRARY = "libc++";
				CLANG_ENABLE_MODULES = YES;
				CLANG_ENABLE_OBJC_ARC = YES;
				CLANG_ENABLE_OBJC_WEAK = YES;
				CLANG_WARN_BLOCK_CAPTURE_AUTORELEASING = YES;
				CLANG_WARN_BOOL_CONVERSION = YES;
				CLANG_WARN_COMMA = YES;
				CLANG_WARN_CONSTANT_CONVERSION = YES;
				CLANG_WARN_DEPRECATED_OBJC_IMPLEMENTATIONS = YES;
				CLANG_WARN_DIRECT_OBJC_ISA_USAGE = YES_ERROR;
				CLANG_WARN_DOCUMENTATION_COMMENTS = YES;
				CLANG_WARN_EMPTY_BODY = YES;
				CLANG_WARN_ENUM_CONVERSION = YES;
				CLANG_WARN_INFINITE_RECURSION = YES;
				CLANG_WARN_INT_CONVERSION = YES;
				CLANG_WARN_NON_LITERAL_NULL_CONVERSION = YES;
				CLANG_WARN_OBJC_IMPLICIT_RETAIN_SELF = YES;
				CLANG_WARN_OBJC_LITERAL_CONVERSION = YES;
				CLANG_WARN_OBJC_ROOT_CLASS = YES_ERROR;
				CLANG_WARN_QUOTED_INCLUDE_IN_FRAMEWORK_HEADER = YES;
				CLANG_WARN_RANGE_LOOP_ANALYSIS = YES;
				CLANG_WARN_STRICT_PROTOTYPES = YES;
				CLANG_WARN_SUSPICIOUS_MOVE = YES;
				CLANG_WARN_UNGUARDED_AVAILABILITY = YES_AGGRESSIVE;
				CLANG_WARN_UNREACHABLE_CODE = YES;
				CLANG_WARN__DUPLICATE_METHOD_MATCH = YES;
				COPY_PHASE_STRIP = NO;
				DEBUG_INFORMATION_FORMAT = dwarf;
				ENABLE_STRICT_OBJC_MSGSEND = YES;
				ENABLE_TESTABILITY = YES;
				GCC_C_LANGUAGE_STANDARD = gnu11;
				GCC_DYNAMIC_NO_PIC = NO;
				GCC_NO_COMMON_BLOCKS = YES;
				GCC_OPTIMIZATION_LEVEL = 0;
				GCC_PREPROCESSOR_DEFINITIONS = (
					"DEBUG=1",
					"$(inherited)",
				);
				GCC_WARN_64_TO_32_BIT_CONVERSION = YES;
				GCC_WARN_ABOUT_RETURN_TYPE = YES_ERROR;
				GCC_WARN_UNDECLARED_SELECTOR = YES;
				GCC_WARN_UNINITIALIZED_AUTOS = YES_AGGRESSIVE;
				GCC_WARN_UNUSED_FUNCTION = YES;
				GCC_WARN_UNUSED_VARIABLE = YES;
				IPHONEOS_DEPLOYMENT_TARGET = 13.6;
				MTL_ENABLE_DEBUG_INFO = INCLUDE_SOURCE;
				MTL_FAST_MATH = YES;
				ONLY_ACTIVE_ARCH = YES;
				SDKROOT = iphoneos;
				SWIFT_ACTIVE_COMPILATION_CONDITIONS = DEBUG;
				SWIFT_OPTIMIZATION_LEVEL = "-Onone";
			};
			name = Debug;
		};
		C4699B7D24FC2AB600933F04 /* Release */ = {
			isa = XCBuildConfiguration;
			buildSettings = {
				ALWAYS_SEARCH_USER_PATHS = NO;
				CLANG_ANALYZER_NONNULL = YES;
				CLANG_ANALYZER_NUMBER_OBJECT_CONVERSION = YES_AGGRESSIVE;
				CLANG_CXX_LANGUAGE_STANDARD = "gnu++14";
				CLANG_CXX_LIBRARY = "libc++";
				CLANG_ENABLE_MODULES = YES;
				CLANG_ENABLE_OBJC_ARC = YES;
				CLANG_ENABLE_OBJC_WEAK = YES;
				CLANG_WARN_BLOCK_CAPTURE_AUTORELEASING = YES;
				CLANG_WARN_BOOL_CONVERSION = YES;
				CLANG_WARN_COMMA = YES;
				CLANG_WARN_CONSTANT_CONVERSION = YES;
				CLANG_WARN_DEPRECATED_OBJC_IMPLEMENTATIONS = YES;
				CLANG_WARN_DIRECT_OBJC_ISA_USAGE = YES_ERROR;
				CLANG_WARN_DOCUMENTATION_COMMENTS = YES;
				CLANG_WARN_EMPTY_BODY = YES;
				CLANG_WARN_ENUM_CONVERSION = YES;
				CLANG_WARN_INFINITE_RECURSION = YES;
				CLANG_WARN_INT_CONVERSION = YES;
				CLANG_WARN_NON_LITERAL_NULL_CONVERSION = YES;
				CLANG_WARN_OBJC_IMPLICIT_RETAIN_SELF = YES;
				CLANG_WARN_OBJC_LITERAL_CONVERSION = YES;
				CLANG_WARN_OBJC_ROOT_CLASS = YES_ERROR;
				CLANG_WARN_QUOTED_INCLUDE_IN_FRAMEWORK_HEADER = YES;
				CLANG_WARN_RANGE_LOOP_ANALYSIS = YES;
				CLANG_WARN_STRICT_PROTOTYPES = YES;
				CLANG_WARN_SUSPICIOUS_MOVE = YES;
				CLANG_WARN_UNGUARDED_AVAILABILITY = YES_AGGRESSIVE;
				CLANG_WARN_UNREACHABLE_CODE = YES;
				CLANG_WARN__DUPLICATE_METHOD_MATCH = YES;
				COPY_PHASE_STRIP = NO;
				DEBUG_INFORMATION_FORMAT = "dwarf-with-dsym";
				ENABLE_NS_ASSERTIONS = NO;
				ENABLE_STRICT_OBJC_MSGSEND = YES;
				GCC_C_LANGUAGE_STANDARD = gnu11;
				GCC_NO_COMMON_BLOCKS = YES;
				GCC_WARN_64_TO_32_BIT_CONVERSION = YES;
				GCC_WARN_ABOUT_RETURN_TYPE = YES_ERROR;
				GCC_WARN_UNDECLARED_SELECTOR = YES;
				GCC_WARN_UNINITIALIZED_AUTOS = YES_AGGRESSIVE;
				GCC_WARN_UNUSED_FUNCTION = YES;
				GCC_WARN_UNUSED_VARIABLE = YES;
				IPHONEOS_DEPLOYMENT_TARGET = 13.6;
				MTL_ENABLE_DEBUG_INFO = NO;
				MTL_FAST_MATH = YES;
				SDKROOT = iphoneos;
				SWIFT_COMPILATION_MODE = wholemodule;
				SWIFT_OPTIMIZATION_LEVEL = "-O";
				VALIDATE_PRODUCT = YES;
			};
			name = Release;
		};
		C4699B7F24FC2AB600933F04 /* Debug */ = {
			isa = XCBuildConfiguration;
			buildSettings = {
				ASSETCATALOG_COMPILER_APPICON_NAME = AppIcon;
				CODE_SIGN_STYLE = Automatic;
				DEVELOPMENT_TEAM = K572L95MDD;
				INFOPLIST_FILE = Monthly/Info.plist;
				LD_RUNPATH_SEARCH_PATHS = (
					"$(inherited)",
					"@executable_path/Frameworks",
				);
				PRODUCT_BUNDLE_IDENTIFIER = com.kobemckee.Monthly;
				PRODUCT_NAME = "$(TARGET_NAME)";
				SWIFT_VERSION = 5.0;
				TARGETED_DEVICE_FAMILY = "1,2";
			};
			name = Debug;
		};
		C4699B8024FC2AB600933F04 /* Release */ = {
			isa = XCBuildConfiguration;
			buildSettings = {
				ASSETCATALOG_COMPILER_APPICON_NAME = AppIcon;
				CODE_SIGN_STYLE = Automatic;
				DEVELOPMENT_TEAM = K572L95MDD;
				INFOPLIST_FILE = Monthly/Info.plist;
				LD_RUNPATH_SEARCH_PATHS = (
					"$(inherited)",
					"@executable_path/Frameworks",
				);
				PRODUCT_BUNDLE_IDENTIFIER = com.kobemckee.Monthly;
				PRODUCT_NAME = "$(TARGET_NAME)";
				SWIFT_VERSION = 5.0;
				TARGETED_DEVICE_FAMILY = "1,2";
			};
			name = Release;
		};
/* End XCBuildConfiguration section */

/* Begin XCConfigurationList section */
		C4699B6524FC2AB500933F04 /* Build configuration list for PBXProject "Monthly" */ = {
			isa = XCConfigurationList;
			buildConfigurations = (
				C4699B7C24FC2AB600933F04 /* Debug */,
				C4699B7D24FC2AB600933F04 /* Release */,
			);
			defaultConfigurationIsVisible = 0;
			defaultConfigurationName = Release;
		};
		C4699B7E24FC2AB600933F04 /* Build configuration list for PBXNativeTarget "Monthly" */ = {
			isa = XCConfigurationList;
			buildConfigurations = (
				C4699B7F24FC2AB600933F04 /* Debug */,
				C4699B8024FC2AB600933F04 /* Release */,
			);
			defaultConfigurationIsVisible = 0;
			defaultConfigurationName = Release;
		};
/* End XCConfigurationList section */
	};
	rootObject = C4699B6224FC2AB500933F04 /* Project object */;
}
